
Microsoft Visual Studio Solution File, Format Version 12.00
# Visual Studio Version 16
VisualStudioVersion = 16.0.30711.63
MinimumVisualStudioVersion = 10.0.40219.1
Project("{FAE04EC0-301F-11D3-BF4B-00C04F79EFBC}") = "PlayStore.UI", "PlayStore\PlayStore.UI.csproj", "{7CA03460-BC1C-47AE-8F87-6C394AEC4846}"
EndProject
Project("{FAE04EC0-301F-11D3-BF4B-00C04F79EFBC}") = "PlayStore.BLL", "PlayStore.BLL\PlayStore.BLL.csproj", "{5C6CA4E1-984B-49A3-91D1-A09AE9D2F7A7}"
EndProject
Project("{FAE04EC0-301F-11D3-BF4B-00C04F79EFBC}") = "PlayStore.DAL", "PlayStore.DAL\PlayStore.DAL.csproj", "{86705C25-911E-499F-9579-8505CB4210D9}"
EndProject
Global
	GlobalSection(SolutionConfigurationPlatforms) = preSolution
		Debug|Any CPU = Debug|Any CPU
		Release|Any CPU = Release|Any CPU
	EndGlobalSection
	GlobalSection(ProjectConfigurationPlatforms) = postSolution
		{7CA03460-BC1C-47AE-8F87-6C394AEC4846}.Debug|Any CPU.ActiveCfg = Debug|Any CPU
		{7CA03460-BC1C-47AE-8F87-6C394AEC4846}.Debug|Any CPU.Build.0 = Debug|Any CPU
		{7CA03460-BC1C-47AE-8F87-6C394AEC4846}.Release|Any CPU.ActiveCfg = Release|Any CPU
		{7CA03460-BC1C-47AE-8F87-6C394AEC4846}.Release|Any CPU.Build.0 = Release|Any CPU
		{5C6CA4E1-984B-49A3-91D1-A09AE9D2F7A7}.Debug|Any CPU.ActiveCfg = Debug|Any CPU
		{5C6CA4E1-984B-49A3-91D1-A09AE9D2F7A7}.Debug|Any CPU.Build.0 = Debug|Any CPU
		{5C6CA4E1-984B-49A3-91D1-A09AE9D2F7A7}.Release|Any CPU.ActiveCfg = Release|Any CPU
		{5C6CA4E1-984B-49A3-91D1-A09AE9D2F7A7}.Release|Any CPU.Build.0 = Release|Any CPU
		{86705C25-911E-499F-9579-8505CB4210D9}.Debug|Any CPU.ActiveCfg = Debug|Any CPU
		{86705C25-911E-499F-9579-8505CB4210D9}.Debug|Any CPU.Build.0 = Debug|Any CPU
		{86705C25-911E-499F-9579-8505CB4210D9}.Release|Any CPU.ActiveCfg = Release|Any CPU
		{86705C25-911E-499F-9579-8505CB4210D9}.Release|Any CPU.Build.0 = Release|Any CPU
	EndGlobalSection
	GlobalSection(SolutionProperties) = preSolution
		HideSolutionNode = FALSE
	EndGlobalSection
	GlobalSection(ExtensibilityGlobals) = postSolution
		SolutionGuid = {8680B40C-3F06-415E-BBAE-F5E0B70AE187}
	EndGlobalSection
EndGlobal
